// !$*UTF8*$!
{
	archiveVersion = 1;
	classes = {
	};
	objectVersion = 56;
	objects = {

/* Begin PBXBuildFile section */
		E068C4562AFC2795009D716A /* SKCUApp.swift in Sources */ = {isa = PBXBuildFile; fileRef = E068C4552AFC2795009D716A /* SKCUApp.swift */; };
		E068C4582AFC2795009D716A /* ContentView.swift in Sources */ = {isa = PBXBuildFile; fileRef = E068C4572AFC2795009D716A /* ContentView.swift */; };
		E068C45A2AFC2797009D716A /* Assets.xcassets in Resources */ = {isa = PBXBuildFile; fileRef = E068C4592AFC2797009D716A /* Assets.xcassets */; };
		E068C45D2AFC2797009D716A /* Preview Assets.xcassets in Resources */ = {isa = PBXBuildFile; fileRef = E068C45C2AFC2797009D716A /* Preview Assets.xcassets */; };
		E068C4682AFC2797009D716A /* SKCUTests.swift in Sources */ = {isa = PBXBuildFile; fileRef = E068C4672AFC2797009D716A /* SKCUTests.swift */; };
		E068C4722AFC2797009D716A /* SKCUUITests.swift in Sources */ = {isa = PBXBuildFile; fileRef = E068C4712AFC2797009D716A /* SKCUUITests.swift */; };
		E068C4742AFC2797009D716A /* SKCUUITestsLaunchTests.swift in Sources */ = {isa = PBXBuildFile; fileRef = E068C4732AFC2797009D716A /* SKCUUITestsLaunchTests.swift */; };
/* End PBXBuildFile section */

/* Begin PBXContainerItemProxy section */
		E068C4642AFC2797009D716A /* PBXContainerItemProxy */ = {
			isa = PBXContainerItemProxy;
			containerPortal = E068C44A2AFC2795009D716A /* Project object */;
			proxyType = 1;
			remoteGlobalIDString = E068C4512AFC2795009D716A;
			remoteInfo = SKCU;
		};
		E068C46E2AFC2797009D716A /* PBXContainerItemProxy */ = {
			isa = PBXContainerItemProxy;
			containerPortal = E068C44A2AFC2795009D716A /* Project object */;
			proxyType = 1;
			remoteGlobalIDString = E068C4512AFC2795009D716A;
			remoteInfo = SKCU;
		};
/* End PBXContainerItemProxy section */

/* Begin PBXFileReference section */
		E068C4522AFC2795009D716A /* SKCU.app */ = {isa = PBXFileReference; explicitFileType = wrapper.application; includeInIndex = 0; path = SKCU.app; sourceTree = BUILT_PRODUCTS_DIR; };
		E068C4552AFC2795009D716A /* SKCUApp.swift */ = {isa = PBXFileReference; lastKnownFileType = sourcecode.swift; path = SKCUApp.swift; sourceTree = "<group>"; };
		E068C4572AFC2795009D716A /* ContentView.swift */ = {isa = PBXFileReference; lastKnownFileType = sourcecode.swift; path = ContentView.swift; sourceTree = "<group>"; };
		E068C4592AFC2797009D716A /* Assets.xcassets */ = {isa = PBXFileReference; lastKnownFileType = folder.assetcatalog; path = Assets.xcassets; sourceTree = "<group>"; };
		E068C45C2AFC2797009D716A /* Preview Assets.xcassets */ = {isa = PBXFileReference; lastKnownFileType = folder.assetcatalog; path = "Preview Assets.xcassets"; sourceTree = "<group>"; };
		E068C45E2AFC2797009D716A /* SKCU.entitlements */ = {isa = PBXFileReference; lastKnownFileType = text.plist.entitlements; path = SKCU.entitlements; sourceTree = "<group>"; };
		E068C4632AFC2797009D716A /* SKCUTests.xctest */ = {isa = PBXFileReference; explicitFileType = wrapper.cfbundle; includeInIndex = 0; path = SKCUTests.xctest; sourceTree = BUILT_PRODUCTS_DIR; };
		E068C4672AFC2797009D716A /* SKCUTests.swift */ = {isa = PBXFileReference; lastKnownFileType = sourcecode.swift; path = SKCUTests.swift; sourceTree = "<group>"; };
		E068C46D2AFC2797009D716A /* SKCUUITests.xctest */ = {isa = PBXFileReference; explicitFileType = wrapper.cfbundle; includeInIndex = 0; path = SKCUUITests.xctest; sourceTree = BUILT_PRODUCTS_DIR; };
		E068C4712AFC2797009D716A /* SKCUUITests.swift */ = {isa = PBXFileReference; lastKnownFileType = sourcecode.swift; path = SKCUUITests.swift; sourceTree = "<group>"; };
		E068C4732AFC2797009D716A /* SKCUUITestsLaunchTests.swift */ = {isa = PBXFileReference; lastKnownFileType = sourcecode.swift; path = SKCUUITestsLaunchTests.swift; sourceTree = "<group>"; };
/* End PBXFileReference section */

/* Begin PBXFrameworksBuildPhase section */
		E068C44F2AFC2795009D716A /* Frameworks */ = {
			isa = PBXFrameworksBuildPhase;
			buildActionMask = 2147483647;
			files = (
			);
			runOnlyForDeploymentPostprocessing = 0;
		};
		E068C4602AFC2797009D716A /* Frameworks */ = {
			isa = PBXFrameworksBuildPhase;
			buildActionMask = 2147483647;
			files = (
			);
			runOnlyForDeploymentPostprocessing = 0;
		};
		E068C46A2AFC2797009D716A /* Frameworks */ = {
			isa = PBXFrameworksBuildPhase;
			buildActionMask = 2147483647;
			files = (
			);
			runOnlyForDeploymentPostprocessing = 0;
		};
/* End PBXFrameworksBuildPhase section */

/* Begin PBXGroup section */
		E068C4492AFC2795009D716A = {
			isa = PBXGroup;
			children = (
				E068C4542AFC2795009D716A /* SKCU */,
				E068C4662AFC2797009D716A /* SKCUTests */,
				E068C4702AFC2797009D716A /* SKCUUITests */,
				E068C4532AFC2795009D716A /* Products */,
			);
			sourceTree = "<group>";
		};
		E068C4532AFC2795009D716A /* Products */ = {
			isa = PBXGroup;
			children = (
				E068C4522AFC2795009D716A /* SKCU.app */,
				E068C4632AFC2797009D716A /* SKCUTests.xctest */,
				E068C46D2AFC2797009D716A /* SKCUUITests.xctest */,
			);
			name = Products;
			sourceTree = "<group>";
		};
		E068C4542AFC2795009D716A /* SKCU */ = {
			isa = PBXGroup;
			children = (
				E068C4552AFC2795009D716A /* SKCUApp.swift */,
				E068C4572AFC2795009D716A /* ContentView.swift */,
				E068C4592AFC2797009D716A /* Assets.xcassets */,
				E068C45E2AFC2797009D716A /* SKCU.entitlements */,
				E068C45B2AFC2797009D716A /* Preview Content */,
			);
			path = SKCU;
			sourceTree = "<group>";
		};
		E068C45B2AFC2797009D716A /* Preview Content */ = {
			isa = PBXGroup;
			children = (
				E068C45C2AFC2797009D716A /* Preview Assets.xcassets */,
			);
			path = "Preview Content";
			sourceTree = "<group>";
		};
		E068C4662AFC2797009D716A /* SKCUTests */ = {
			isa = PBXGroup;
			children = (
				E068C4672AFC2797009D716A /* SKCUTests.swift */,
			);
			path = SKCUTests;
			sourceTree = "<group>";
		};
		E068C4702AFC2797009D716A /* SKCUUITests */ = {
			isa = PBXGroup;
			children = (
				E068C4712AFC2797009D716A /* SKCUUITests.swift */,
				E068C4732AFC2797009D716A /* SKCUUITestsLaunchTests.swift */,
			);
			path = SKCUUITests;
			sourceTree = "<group>";
		};
/* End PBXGroup section */

/* Begin PBXNativeTarget section */
		E068C4512AFC2795009D716A /* SKCU */ = {
			isa = PBXNativeTarget;
			buildConfigurationList = E068C4772AFC2797009D716A /* Build configuration list for PBXNativeTarget "SKCU" */;
			buildPhases = (
				E068C44E2AFC2795009D716A /* Sources */,
				E068C44F2AFC2795009D716A /* Frameworks */,
				E068C4502AFC2795009D716A /* Resources */,
			);
			buildRules = (
			);
			dependencies = (
			);
			name = SKCU;
			productName = SKCU;
			productReference = E068C4522AFC2795009D716A /* SKCU.app */;
			productType = "com.apple.product-type.application";
		};
		E068C4622AFC2797009D716A /* SKCUTests */ = {
			isa = PBXNativeTarget;
			buildConfigurationList = E068C47A2AFC2797009D716A /* Build configuration list for PBXNativeTarget "SKCUTests" */;
			buildPhases = (
				E068C45F2AFC2797009D716A /* Sources */,
				E068C4602AFC2797009D716A /* Frameworks */,
				E068C4612AFC2797009D716A /* Resources */,
			);
			buildRules = (
			);
			dependencies = (
				E068C4652AFC2797009D716A /* PBXTargetDependency */,
			);
			name = SKCUTests;
			productName = SKCUTests;
			productReference = E068C4632AFC2797009D716A /* SKCUTests.xctest */;
			productType = "com.apple.product-type.bundle.unit-test";
		};
		E068C46C2AFC2797009D716A /* SKCUUITests */ = {
			isa = PBXNativeTarget;
			buildConfigurationList = E068C47D2AFC2797009D716A /* Build configuration list for PBXNativeTarget "SKCUUITests" */;
			buildPhases = (
				E068C4692AFC2797009D716A /* Sources */,
				E068C46A2AFC2797009D716A /* Frameworks */,
				E068C46B2AFC2797009D716A /* Resources */,
			);
			buildRules = (
			);
			dependencies = (
				E068C46F2AFC2797009D716A /* PBXTargetDependency */,
			);
			name = SKCUUITests;
			productName = SKCUUITests;
			productReference = E068C46D2AFC2797009D716A /* SKCUUITests.xctest */;
			productType = "com.apple.product-type.bundle.ui-testing";
		};
/* End PBXNativeTarget section */

/* Begin PBXProject section */
		E068C44A2AFC2795009D716A /* Project object */ = {
			isa = PBXProject;
			attributes = {
				BuildIndependentTargetsInParallel = 1;
				LastSwiftUpdateCheck = 1500;
				LastUpgradeCheck = 1500;
				TargetAttributes = {
					E068C4512AFC2795009D716A = {
						CreatedOnToolsVersion = 15.0;
					};
					E068C4622AFC2797009D716A = {
						CreatedOnToolsVersion = 15.0;
						TestTargetID = E068C4512AFC2795009D716A;
					};
					E068C46C2AFC2797009D716A = {
						CreatedOnToolsVersion = 15.0;
						TestTargetID = E068C4512AFC2795009D716A;
					};
				};
			};
			buildConfigurationList = E068C44D2AFC2795009D716A /* Build configuration list for PBXProject "SKCU" */;
			compatibilityVersion = "Xcode 14.0";
			developmentRegion = en;
			hasScannedForEncodings = 0;
			knownRegions = (
				en,
				Base,
			);
			mainGroup = E068C4492AFC2795009D716A;
			productRefGroup = E068C4532AFC2795009D716A /* Products */;
			projectDirPath = "";
			projectRoot = "";
			targets = (
				E068C4512AFC2795009D716A /* SKCU */,
				E068C4622AFC2797009D716A /* SKCUTests */,
				E068C46C2AFC2797009D716A /* SKCUUITests */,
			);
		};
/* End PBXProject section */

/* Begin PBXResourcesBuildPhase section */
		E068C4502AFC2795009D716A /* Resources */ = {
			isa = PBXResourcesBuildPhase;
			buildActionMask = 2147483647;
			files = (
				E068C45D2AFC2797009D716A /* Preview Assets.xcassets in Resources */,
				E068C45A2AFC2797009D716A /* Assets.xcassets in Resources */,
			);
			runOnlyForDeploymentPostprocessing = 0;
		};
		E068C4612AFC2797009D716A /* Resources */ = {
			isa = PBXResourcesBuildPhase;
			buildActionMask = 2147483647;
			files = (
			);
			runOnlyForDeploymentPostprocessing = 0;
		};
		E068C46B2AFC2797009D716A /* Resources */ = {
			isa = PBXResourcesBuildPhase;
			buildActionMask = 2147483647;
			files = (
			);
			runOnlyForDeploymentPostprocessing = 0;
		};
/* End PBXResourcesBuildPhase section */

/* Begin PBXSourcesBuildPhase section */
		E068C44E2AFC2795009D716A /* Sources */ = {
			isa = PBXSourcesBuildPhase;
			buildActionMask = 2147483647;
			files = (
				E068C4582AFC2795009D716A /* ContentView.swift in Sources */,
				E068C4562AFC2795009D716A /* SKCUApp.swift in Sources */,
			);
			runOnlyForDeploymentPostprocessing = 0;
		};
		E068C45F2AFC2797009D716A /* Sources */ = {
			isa = PBXSourcesBuildPhase;
			buildActionMask = 2147483647;
			files = (
				E068C4682AFC2797009D716A /* SKCUTests.swift in Sources */,
			);
			runOnlyForDeploymentPostprocessing = 0;
		};
		E068C4692AFC2797009D716A /* Sources */ = {
			isa = PBXSourcesBuildPhase;
			buildActionMask = 2147483647;
			files = (
				E068C4742AFC2797009D716A /* SKCUUITestsLaunchTests.swift in Sources */,
				E068C4722AFC2797009D716A /* SKCUUITests.swift in Sources */,
			);
			runOnlyForDeploymentPostprocessing = 0;
		};
/* End PBXSourcesBuildPhase section */

/* Begin PBXTargetDependency section */
		E068C4652AFC2797009D716A /* PBXTargetDependency */ = {
			isa = PBXTargetDependency;
			target = E068C4512AFC2795009D716A /* SKCU */;
			targetProxy = E068C4642AFC2797009D716A /* PBXContainerItemProxy */;
		};
		E068C46F2AFC2797009D716A /* PBXTargetDependency */ = {
			isa = PBXTargetDependency;
			target = E068C4512AFC2795009D716A /* SKCU */;
			targetProxy = E068C46E2AFC2797009D716A /* PBXContainerItemProxy */;
		};
/* End PBXTargetDependency section */

/* Begin XCBuildConfiguration section */
		E068C4752AFC2797009D716A /* Debug */ = {
			isa = XCBuildConfiguration;
			buildSettings = {
				ALWAYS_SEARCH_USER_PATHS = NO;
				ASSETCATALOG_COMPILER_GENERATE_SWIFT_ASSET_SYMBOL_EXTENSIONS = YES;
				CLANG_ANALYZER_NONNULL = YES;
				CLANG_ANALYZER_NUMBER_OBJECT_CONVERSION = YES_AGGRESSIVE;
				CLANG_CXX_LANGUAGE_STANDARD = "gnu++20";
				CLANG_ENABLE_MODULES = YES;
				CLANG_ENABLE_OBJC_ARC = YES;
				CLANG_ENABLE_OBJC_WEAK = YES;
				CLANG_WARN_BLOCK_CAPTURE_AUTORELEASING = YES;
				CLANG_WARN_BOOL_CONVERSION = YES;
				CLANG_WARN_COMMA = YES;
				CLANG_WARN_CONSTANT_CONVERSION = YES;
				CLANG_WARN_DEPRECATED_OBJC_IMPLEMENTATIONS = YES;
				CLANG_WARN_DIRECT_OBJC_ISA_USAGE = YES_ERROR;
				CLANG_WARN_DOCUMENTATION_COMMENTS = YES;
				CLANG_WARN_EMPTY_BODY = YES;
				CLANG_WARN_ENUM_CONVERSION = YES;
				CLANG_WARN_INFINITE_RECURSION = YES;
				CLANG_WARN_INT_CONVERSION = YES;
				CLANG_WARN_NON_LITERAL_NULL_CONVERSION = YES;
				CLANG_WARN_OBJC_IMPLICIT_RETAIN_SELF = YES;
				CLANG_WARN_OBJC_LITERAL_CONVERSION = YES;
				CLANG_WARN_OBJC_ROOT_CLASS = YES_ERROR;
				CLANG_WARN_QUOTED_INCLUDE_IN_FRAMEWORK_HEADER = YES;
				CLANG_WARN_RANGE_LOOP_ANALYSIS = YES;
				CLANG_WARN_STRICT_PROTOTYPES = YES;
				CLANG_WARN_SUSPICIOUS_MOVE = YES;
				CLANG_WARN_UNGUARDED_AVAILABILITY = YES_AGGRESSIVE;
				CLANG_WARN_UNREACHABLE_CODE = YES;
				CLANG_WARN__DUPLICATE_METHOD_MATCH = YES;
				COPY_PHASE_STRIP = NO;
				DEBUG_INFORMATION_FORMAT = dwarf;
				ENABLE_STRICT_OBJC_MSGSEND = YES;
				ENABLE_TESTABILITY = YES;
				ENABLE_USER_SCRIPT_SANDBOXING = YES;
				GCC_C_LANGUAGE_STANDARD = gnu17;
				GCC_DYNAMIC_NO_PIC = NO;
				GCC_NO_COMMON_BLOCKS = YES;
				GCC_OPTIMIZATION_LEVEL = 0;
				GCC_PREPROCESSOR_DEFINITIONS = (
					"DEBUG=1",
					"$(inherited)",
				);
				GCC_WARN_64_TO_32_BIT_CONVERSION = YES;
				GCC_WARN_ABOUT_RETURN_TYPE = YES_ERROR;
				GCC_WARN_UNDECLARED_SELECTOR = YES;
				GCC_WARN_UNINITIALIZED_AUTOS = YES_AGGRESSIVE;
				GCC_WARN_UNUSED_FUNCTION = YES;
				GCC_WARN_UNUSED_VARIABLE = YES;
				LOCALIZATION_PREFERS_STRING_CATALOGS = YES;
				MACOSX_DEPLOYMENT_TARGET = 14.0;
				MTL_ENABLE_DEBUG_INFO = INCLUDE_SOURCE;
				MTL_FAST_MATH = YES;
				ONLY_ACTIVE_ARCH = YES;
				SDKROOT = macosx;
				SWIFT_ACTIVE_COMPILATION_CONDITIONS = "DEBUG $(inherited)";
				SWIFT_OPTIMIZATION_LEVEL = "-Onone";
			};
			name = Debug;
		};
		E068C4762AFC2797009D716A /* Release */ = {
			isa = XCBuildConfiguration;
			buildSettings = {
				ALWAYS_SEARCH_USER_PATHS = NO;
				ASSETCATALOG_COMPILER_GENERATE_SWIFT_ASSET_SYMBOL_EXTENSIONS = YES;
				CLANG_ANALYZER_NONNULL = YES;
				CLANG_ANALYZER_NUMBER_OBJECT_CONVERSION = YES_AGGRESSIVE;
				CLANG_CXX_LANGUAGE_STANDARD = "gnu++20";
				CLANG_ENABLE_MODULES = YES;
				CLANG_ENABLE_OBJC_ARC = YES;
				CLANG_ENABLE_OBJC_WEAK = YES;
				CLANG_WARN_BLOCK_CAPTURE_AUTORELEASING = YES;
				CLANG_WARN_BOOL_CONVERSION = YES;
				CLANG_WARN_COMMA = YES;
				CLANG_WARN_CONSTANT_CONVERSION = YES;
				CLANG_WARN_DEPRECATED_OBJC_IMPLEMENTATIONS = YES;
				CLANG_WARN_DIRECT_OBJC_ISA_USAGE = YES_ERROR;
				CLANG_WARN_DOCUMENTATION_COMMENTS = YES;
				CLANG_WARN_EMPTY_BODY = YES;
				CLANG_WARN_ENUM_CONVERSION = YES;
				CLANG_WARN_INFINITE_RECURSION = YES;
				CLANG_WARN_INT_CONVERSION = YES;
				CLANG_WARN_NON_LITERAL_NULL_CONVERSION = YES;
				CLANG_WARN_OBJC_IMPLICIT_RETAIN_SELF = YES;
				CLANG_WARN_OBJC_LITERAL_CONVERSION = YES;
				CLANG_WARN_OBJC_ROOT_CLASS = YES_ERROR;
				CLANG_WARN_QUOTED_INCLUDE_IN_FRAMEWORK_HEADER = YES;
				CLANG_WARN_RANGE_LOOP_ANALYSIS = YES;
				CLANG_WARN_STRICT_PROTOTYPES = YES;
				CLANG_WARN_SUSPICIOUS_MOVE = YES;
				CLANG_WARN_UNGUARDED_AVAILABILITY = YES_AGGRESSIVE;
				CLANG_WARN_UNREACHABLE_CODE = YES;
				CLANG_WARN__DUPLICATE_METHOD_MATCH = YES;
				COPY_PHASE_STRIP = NO;
				DEBUG_INFORMATION_FORMAT = "dwarf-with-dsym";
				ENABLE_NS_ASSERTIONS = NO;
				ENABLE_STRICT_OBJC_MSGSEND = YES;
				ENABLE_USER_SCRIPT_SANDBOXING = YES;
				GCC_C_LANGUAGE_STANDARD = gnu17;
				GCC_NO_COMMON_BLOCKS = YES;
				GCC_WARN_64_TO_32_BIT_CONVERSION = YES;
				GCC_WARN_ABOUT_RETURN_TYPE = YES_ERROR;
				GCC_WARN_UNDECLARED_SELECTOR = YES;
				GCC_WARN_UNINITIALIZED_AUTOS = YES_AGGRESSIVE;
				GCC_WARN_UNUSED_FUNCTION = YES;
				GCC_WARN_UNUSED_VARIABLE = YES;
				LOCALIZATION_PREFERS_STRING_CATALOGS = YES;
				MACOSX_DEPLOYMENT_TARGET = 14.0;
				MTL_ENABLE_DEBUG_INFO = NO;
				MTL_FAST_MATH = YES;
				SDKROOT = macosx;
				SWIFT_COMPILATION_MODE = wholemodule;
			};
			name = Release;
		};
		E068C4782AFC2797009D716A /* Debug */ = {
			isa = XCBuildConfiguration;
			buildSettings = {
				ASSETCATALOG_COMPILER_APPICON_NAME = AppIcon;
				ASSETCATALOG_COMPILER_GLOBAL_ACCENT_COLOR_NAME = AccentColor;
				CODE_SIGN_ENTITLEMENTS = SKCU/SKCU.entitlements;
				CODE_SIGN_STYLE = Automatic;
				COMBINE_HIDPI_IMAGES = YES;
				CURRENT_PROJECT_VERSION = 1;
				DEVELOPMENT_ASSET_PATHS = "\"SKCU/Preview Content\"";
				DEVELOPMENT_TEAM = 74J8R5N69G;
				ENABLE_HARDENED_RUNTIME = YES;
				ENABLE_PREVIEWS = YES;
				GENERATE_INFOPLIST_FILE = YES;
				INFOPLIST_KEY_NSHumanReadableCopyright = "";
				LD_RUNPATH_SEARCH_PATHS = (
					"$(inherited)",
					"@executable_path/../Frameworks",
				);
				MARKETING_VERSION = 1.0;
				PRODUCT_BUNDLE_IDENTIFIER = moe.scchan.SKCU;
				PRODUCT_NAME = "$(TARGET_NAME)";
				SWIFT_EMIT_LOC_STRINGS = YES;
				SWIFT_VERSION = 5.0;
			};
			name = Debug;
		};
		E068C4792AFC2797009D716A /* Release */ = {
			isa = XCBuildConfiguration;
			buildSettings = {
				ASSETCATALOG_COMPILER_APPICON_NAME = AppIcon;
				ASSETCATALOG_COMPILER_GLOBAL_ACCENT_COLOR_NAME = AccentColor;
				CODE_SIGN_ENTITLEMENTS = SKCU/SKCU.entitlements;
				CODE_SIGN_STYLE = Automatic;
				COMBINE_HIDPI_IMAGES = YES;
				CURRENT_PROJECT_VERSION = 1;
				DEVELOPMENT_ASSET_PATHS = "\"SKCU/Preview Content\"";
				DEVELOPMENT_TEAM = 74J8R5N69G;
				ENABLE_HARDENED_RUNTIME = YES;
				ENABLE_PREVIEWS = YES;
				GENERATE_INFOPLIST_FILE = YES;
				INFOPLIST_KEY_NSHumanReadableCopyright = "";
				LD_RUNPATH_SEARCH_PATHS = (
					"$(inherited)",
					"@executable_path/../Frameworks",
				);
				MARKETING_VERSION = 1.0;
				PRODUCT_BUNDLE_IDENTIFIER = moe.scchan.SKCU;
				PRODUCT_NAME = "$(TARGET_NAME)";
				SWIFT_EMIT_LOC_STRINGS = YES;
				SWIFT_VERSION = 5.0;
			};
			name = Release;
		};
		E068C47B2AFC2797009D716A /* Debug */ = {
			isa = XCBuildConfiguration;
			buildSettings = {
				ALWAYS_EMBED_SWIFT_STANDARD_LIBRARIES = YES;
				BUNDLE_LOADER = "$(TEST_HOST)";
				CODE_SIGN_STYLE = Automatic;
				CURRENT_PROJECT_VERSION = 1;
				DEVELOPMENT_TEAM = 74J8R5N69G;
				GENERATE_INFOPLIST_FILE = YES;
				MACOSX_DEPLOYMENT_TARGET = 14.0;
				MARKETING_VERSION = 1.0;
				PRODUCT_BUNDLE_IDENTIFIER = moe.scchan.SKCUTests;
				PRODUCT_NAME = "$(TARGET_NAME)";
				SWIFT_EMIT_LOC_STRINGS = NO;
				SWIFT_VERSION = 5.0;
				TEST_HOST = "$(BUILT_PRODUCTS_DIR)/SKCU.app/$(BUNDLE_EXECUTABLE_FOLDER_PATH)/SKCU";
			};
			name = Debug;
		};
		E068C47C2AFC2797009D716A /* Release */ = {
			isa = XCBuildConfiguration;
			buildSettings = {
				ALWAYS_EMBED_SWIFT_STANDARD_LIBRARIES = YES;
				BUNDLE_LOADER = "$(TEST_HOST)";
				CODE_SIGN_STYLE = Automatic;
				CURRENT_PROJECT_VERSION = 1;
				DEVELOPMENT_TEAM = 74J8R5N69G;
				GENERATE_INFOPLIST_FILE = YES;
				MACOSX_DEPLOYMENT_TARGET = 14.0;
				MARKETING_VERSION = 1.0;
				PRODUCT_BUNDLE_IDENTIFIER = moe.scchan.SKCUTests;
				PRODUCT_NAME = "$(TARGET_NAME)";
				SWIFT_EMIT_LOC_STRINGS = NO;
				SWIFT_VERSION = 5.0;
				TEST_HOST = "$(BUILT_PRODUCTS_DIR)/SKCU.app/$(BUNDLE_EXECUTABLE_FOLDER_PATH)/SKCU";
			};
			name = Release;
		};
		E068C47E2AFC2797009D716A /* Debug */ = {
			isa = XCBuildConfiguration;
			buildSettings = {
				ALWAYS_EMBED_SWIFT_STANDARD_LIBRARIES = YES;
				CODE_SIGN_STYLE = Automatic;
				CURRENT_PROJECT_VERSION = 1;
				DEVELOPMENT_TEAM = 74J8R5N69G;
				GENERATE_INFOPLIST_FILE = YES;
				MARKETING_VERSION = 1.0;
				PRODUCT_BUNDLE_IDENTIFIER = moe.scchan.SKCUUITests;
				PRODUCT_NAME = "$(TARGET_NAME)";
				SWIFT_EMIT_LOC_STRINGS = NO;
				SWIFT_VERSION = 5.0;
				TEST_TARGET_NAME = SKCU;
			};
			name = Debug;
		};
		E068C47F2AFC2797009D716A /* Release */ = {
			isa = XCBuildConfiguration;
			buildSettings = {
				ALWAYS_EMBED_SWIFT_STANDARD_LIBRARIES = YES;
				CODE_SIGN_STYLE = Automatic;
				CURRENT_PROJECT_VERSION = 1;
				DEVELOPMENT_TEAM = 74J8R5N69G;
				GENERATE_INFOPLIST_FILE = YES;
				MARKETING_VERSION = 1.0;
				PRODUCT_BUNDLE_IDENTIFIER = moe.scchan.SKCUUITests;
				PRODUCT_NAME = "$(TARGET_NAME)";
				SWIFT_EMIT_LOC_STRINGS = NO;
				SWIFT_VERSION = 5.0;
				TEST_TARGET_NAME = SKCU;
			};
			name = Release;
		};
/* End XCBuildConfiguration section */

/* Begin XCConfigurationList section */
		E068C44D2AFC2795009D716A /* Build configuration list for PBXProject "SKCU" */ = {
			isa = XCConfigurationList;
			buildConfigurations = (
				E068C4752AFC2797009D716A /* Debug */,
				E068C4762AFC2797009D716A /* Release */,
			);
			defaultConfigurationIsVisible = 0;
			defaultConfigurationName = Release;
		};
		E068C4772AFC2797009D716A /* Build configuration list for PBXNativeTarget "SKCU" */ = {
			isa = XCConfigurationList;
			buildConfigurations = (
				E068C4782AFC2797009D716A /* Debug */,
				E068C4792AFC2797009D716A /* Release */,
			);
			defaultConfigurationIsVisible = 0;
			defaultConfigurationName = Release;
		};
		E068C47A2AFC2797009D716A /* Build configuration list for PBXNativeTarget "SKCUTests" */ = {
			isa = XCConfigurationList;
			buildConfigurations = (
				E068C47B2AFC2797009D716A /* Debug */,
				E068C47C2AFC2797009D716A /* Release */,
			);
			defaultConfigurationIsVisible = 0;
			defaultConfigurationName = Release;
		};
		E068C47D2AFC2797009D716A /* Build configuration list for PBXNativeTarget "SKCUUITests" */ = {
			isa = XCConfigurationList;
			buildConfigurations = (
				E068C47E2AFC2797009D716A /* Debug */,
				E068C47F2AFC2797009D716A /* Release */,
			);
			defaultConfigurationIsVisible = 0;
			defaultConfigurationName = Release;
		};
/* End XCConfigurationList section */
	};
	rootObject = E068C44A2AFC2795009D716A /* Project object */;
}
